// !$*UTF8*$!
{
	archiveVersion = 1;
	classes = {
	};
	objectVersion = 46;
	objects = {

/* Begin PBXBuildFile section */
		B23B97311F39B56E007745B8 /* AppDelegate.swift in Sources */ = {isa = PBXBuildFile; fileRef = B23B97301F39B56E007745B8 /* AppDelegate.swift */; };
		B23B97331F39B56E007745B8 /* ViewController.swift in Sources */ = {isa = PBXBuildFile; fileRef = B23B97321F39B56E007745B8 /* ViewController.swift */; };
		B23B97361F39B56E007745B8 /* Main.storyboard in Resources */ = {isa = PBXBuildFile; fileRef = B23B97341F39B56E007745B8 /* Main.storyboard */; };
		B23B97381F39B56E007745B8 /* Assets.xcassets in Resources */ = {isa = PBXBuildFile; fileRef = B23B97371F39B56E007745B8 /* Assets.xcassets */; };
		B23B973B1F39B56E007745B8 /* LaunchScreen.storyboard in Resources */ = {isa = PBXBuildFile; fileRef = B23B97391F39B56E007745B8 /* LaunchScreen.storyboard */; };
		B23B97471F39B582007745B8 /* ZJPhotoPickerController.swift in Sources */ = {isa = PBXBuildFile; fileRef = B23B97431F39B582007745B8 /* ZJPhotoPickerController.swift */; };
		B23B97481F39B582007745B8 /* ZJPhotoPickerHelper.swift in Sources */ = {isa = PBXBuildFile; fileRef = B23B97441F39B582007745B8 /* ZJPhotoPickerHelper.swift */; };
		B23B97491F39B582007745B8 /* ZJPhotoPickerThumbnailController.swift in Sources */ = {isa = PBXBuildFile; fileRef = B23B97451F39B582007745B8 /* ZJPhotoPickerThumbnailController.swift */; };
		B23B974B1F39B5A7007745B8 /* ZJPhotoPickerHUD.swift in Sources */ = {isa = PBXBuildFile; fileRef = B23B974A1F39B5A7007745B8 /* ZJPhotoPickerHUD.swift */; };
		B23B974E1F3C090F007745B8 /* UIImageExtension.swift in Sources */ = {isa = PBXBuildFile; fileRef = B23B974D1F3C090F007745B8 /* UIImageExtension.swift */; };
		FFA73E5C27A32E3F56D0DFC8 /* Pods_ZJPhotoPickerController.framework in Frameworks */ = {isa = PBXBuildFile; fileRef = AB0AC986BEB972283B69AC86 /* Pods_ZJPhotoPickerController.framework */; };
/* End PBXBuildFile section */

/* Begin PBXFileReference section */
		AB0AC986BEB972283B69AC86 /* Pods_ZJPhotoPickerController.framework */ = {isa = PBXFileReference; explicitFileType = wrapper.framework; includeInIndex = 0; path = Pods_ZJPhotoPickerController.framework; sourceTree = BUILT_PRODUCTS_DIR; };
		B21111E1C662A214DD478570 /* Pods-ZJPhotoPickerController.release.xcconfig */ = {isa = PBXFileReference; includeInIndex = 1; lastKnownFileType = text.xcconfig; name = "Pods-ZJPhotoPickerController.release.xcconfig"; path = "Pods/Target Support Files/Pods-ZJPhotoPickerController/Pods-ZJPhotoPickerController.release.xcconfig"; sourceTree = "<group>"; };
		B23B972D1F39B56E007745B8 /* ZJPhotoPickerController.app */ = {isa = PBXFileReference; explicitFileType = wrapper.application; includeInIndex = 0; path = ZJPhotoPickerController.app; sourceTree = BUILT_PRODUCTS_DIR; };
		B23B97301F39B56E007745B8 /* AppDelegate.swift */ = {isa = PBXFileReference; lastKnownFileType = sourcecode.swift; path = AppDelegate.swift; sourceTree = "<group>"; };
		B23B97321F39B56E007745B8 /* ViewController.swift */ = {isa = PBXFileReference; lastKnownFileType = sourcecode.swift; path = ViewController.swift; sourceTree = "<group>"; };
		B23B97351F39B56E007745B8 /* Base */ = {isa = PBXFileReference; lastKnownFileType = file.storyboard; name = Base; path = Base.lproj/Main.storyboard; sourceTree = "<group>"; };
		B23B97371F39B56E007745B8 /* Assets.xcassets */ = {isa = PBXFileReference; lastKnownFileType = folder.assetcatalog; path = Assets.xcassets; sourceTree = "<group>"; };
		B23B973A1F39B56E007745B8 /* Base */ = {isa = PBXFileReference; lastKnownFileType = file.storyboard; name = Base; path = Base.lproj/LaunchScreen.storyboard; sourceTree = "<group>"; };
		B23B973C1F39B56E007745B8 /* Info.plist */ = {isa = PBXFileReference; lastKnownFileType = text.plist.xml; path = Info.plist; sourceTree = "<group>"; };
		B23B97431F39B582007745B8 /* ZJPhotoPickerController.swift */ = {isa = PBXFileReference; fileEncoding = 4; lastKnownFileType = sourcecode.swift; path = ZJPhotoPickerController.swift; sourceTree = "<group>"; };
		B23B97441F39B582007745B8 /* ZJPhotoPickerHelper.swift */ = {isa = PBXFileReference; fileEncoding = 4; lastKnownFileType = sourcecode.swift; path = ZJPhotoPickerHelper.swift; sourceTree = "<group>"; };
		B23B97451F39B582007745B8 /* ZJPhotoPickerThumbnailController.swift */ = {isa = PBXFileReference; fileEncoding = 4; lastKnownFileType = sourcecode.swift; path = ZJPhotoPickerThumbnailController.swift; sourceTree = "<group>"; };
		B23B974A1F39B5A7007745B8 /* ZJPhotoPickerHUD.swift */ = {isa = PBXFileReference; fileEncoding = 4; lastKnownFileType = sourcecode.swift; path = ZJPhotoPickerHUD.swift; sourceTree = "<group>"; };
		B23B974D1F3C090F007745B8 /* UIImageExtension.swift */ = {isa = PBXFileReference; fileEncoding = 4; lastKnownFileType = sourcecode.swift; path = UIImageExtension.swift; sourceTree = "<group>"; };
		B65D5EDA791830452FA80061 /* Pods-ZJPhotoPickerController.debug.xcconfig */ = {isa = PBXFileReference; includeInIndex = 1; lastKnownFileType = text.xcconfig; name = "Pods-ZJPhotoPickerController.debug.xcconfig"; path = "Pods/Target Support Files/Pods-ZJPhotoPickerController/Pods-ZJPhotoPickerController.debug.xcconfig"; sourceTree = "<group>"; };
/* End PBXFileReference section */

/* Begin PBXFrameworksBuildPhase section */
		B23B972A1F39B56E007745B8 /* Frameworks */ = {
			isa = PBXFrameworksBuildPhase;
			buildActionMask = 2147483647;
			files = (
				FFA73E5C27A32E3F56D0DFC8 /* Pods_ZJPhotoPickerController.framework in Frameworks */,
			);
			runOnlyForDeploymentPostprocessing = 0;
		};
/* End PBXFrameworksBuildPhase section */

/* Begin PBXGroup section */
		1EB0A99283314F4E0AFDB0C4 /* Pods */ = {
			isa = PBXGroup;
			children = (
				B65D5EDA791830452FA80061 /* Pods-ZJPhotoPickerController.debug.xcconfig */,
				B21111E1C662A214DD478570 /* Pods-ZJPhotoPickerController.release.xcconfig */,
			);
			name = Pods;
			sourceTree = "<group>";
		};
		B23B97241F39B56E007745B8 = {
			isa = PBXGroup;
			children = (
				B23B972F1F39B56E007745B8 /* ZJPhotoPickerController */,
				B23B972E1F39B56E007745B8 /* Products */,
				1EB0A99283314F4E0AFDB0C4 /* Pods */,
				C2176881966E4343D0919DB4 /* Frameworks */,
			);
			sourceTree = "<group>";
		};
		B23B972E1F39B56E007745B8 /* Products */ = {
			isa = PBXGroup;
			children = (
				B23B972D1F39B56E007745B8 /* ZJPhotoPickerController.app */,
			);
			name = Products;
			sourceTree = "<group>";
		};
		B23B972F1F39B56E007745B8 /* ZJPhotoPickerController */ = {
			isa = PBXGroup;
			children = (
				B23B97301F39B56E007745B8 /* AppDelegate.swift */,
				B23B97321F39B56E007745B8 /* ViewController.swift */,
				B23B974C1F39B7A3007745B8 /* PAPhotoPicker */,
				B23B97341F39B56E007745B8 /* Main.storyboard */,
				B23B97371F39B56E007745B8 /* Assets.xcassets */,
				B23B97391F39B56E007745B8 /* LaunchScreen.storyboard */,
				B23B973C1F39B56E007745B8 /* Info.plist */,
			);
			path = ZJPhotoPickerController;
			sourceTree = "<group>";
		};
		B23B974C1F39B7A3007745B8 /* PAPhotoPicker */ = {
			isa = PBXGroup;
			children = (
				B23B97431F39B582007745B8 /* ZJPhotoPickerController.swift */,
				B23B97451F39B582007745B8 /* ZJPhotoPickerThumbnailController.swift */,
				B23B97441F39B582007745B8 /* ZJPhotoPickerHelper.swift */,
				B23B974A1F39B5A7007745B8 /* ZJPhotoPickerHUD.swift */,
				B23B974D1F3C090F007745B8 /* UIImageExtension.swift */,
			);
			name = PAPhotoPicker;
			sourceTree = "<group>";
		};
		C2176881966E4343D0919DB4 /* Frameworks */ = {
			isa = PBXGroup;
			children = (
				AB0AC986BEB972283B69AC86 /* Pods_ZJPhotoPickerController.framework */,
			);
			name = Frameworks;
			sourceTree = "<group>";
		};
/* End PBXGroup section */

/* Begin PBXNativeTarget section */
		B23B972C1F39B56E007745B8 /* ZJPhotoPickerController */ = {
			isa = PBXNativeTarget;
			buildConfigurationList = B23B973F1F39B56E007745B8 /* Build configuration list for PBXNativeTarget "ZJPhotoPickerController" */;
			buildPhases = (
				76D4C59469839A8CA4ECD25B /* [CP] Check Pods Manifest.lock */,
				B23B97291F39B56E007745B8 /* Sources */,
				B23B972A1F39B56E007745B8 /* Frameworks */,
				B23B972B1F39B56E007745B8 /* Resources */,
				A433D8B06DC73AF242C744F3 /* [CP] Embed Pods Frameworks */,
				FD8C5C4F4AB54E07855150BC /* [CP] Copy Pods Resources */,
			);
			buildRules = (
			);
			dependencies = (
			);
			name = ZJPhotoPickerController;
			productName = ZJPhotoPickerController;
			productReference = B23B972D1F39B56E007745B8 /* ZJPhotoPickerController.app */;
			productType = "com.apple.product-type.application";
		};
/* End PBXNativeTarget section */

/* Begin PBXProject section */
		B23B97251F39B56E007745B8 /* Project object */ = {
			isa = PBXProject;
			attributes = {
				LastSwiftUpdateCheck = 0830;
				LastUpgradeCheck = 0830;
				ORGANIZATIONNAME = RickLuo;
				TargetAttributes = {
					B23B972C1F39B56E007745B8 = {
						CreatedOnToolsVersion = 8.3.2;
						DevelopmentTeam = 7G9Q3YE88T;
						ProvisioningStyle = Automatic;
					};
				};
			};
			buildConfigurationList = B23B97281F39B56E007745B8 /* Build configuration list for PBXProject "ZJPhotoPickerController" */;
			compatibilityVersion = "Xcode 3.2";
			developmentRegion = English;
			hasScannedForEncodings = 0;
			knownRegions = (
				en,
				Base,
			);
			mainGroup = B23B97241F39B56E007745B8;
			productRefGroup = B23B972E1F39B56E007745B8 /* Products */;
			projectDirPath = "";
			projectRoot = "";
			targets = (
				B23B972C1F39B56E007745B8 /* ZJPhotoPickerController */,
			);
		};
/* End PBXProject section */

/* Begin PBXResourcesBuildPhase section */
		B23B972B1F39B56E007745B8 /* Resources */ = {
			isa = PBXResourcesBuildPhase;
			buildActionMask = 2147483647;
			files = (
				B23B973B1F39B56E007745B8 /* LaunchScreen.storyboard in Resources */,
				B23B97381F39B56E007745B8 /* Assets.xcassets in Resources */,
				B23B97361F39B56E007745B8 /* Main.storyboard in Resources */,
			);
			runOnlyForDeploymentPostprocessing = 0;
		};
/* End PBXResourcesBuildPhase section */

/* Begin PBXShellScriptBuildPhase section */
		76D4C59469839A8CA4ECD25B /* [CP] Check Pods Manifest.lock */ = {
			isa = PBXShellScriptBuildPhase;
			buildActionMask = 2147483647;
			files = (
			);
			inputPaths = (
			);
			name = "[CP] Check Pods Manifest.lock";
			outputPaths = (
			);
			runOnlyForDeploymentPostprocessing = 0;
			shellPath = /bin/sh;
			shellScript = "diff \"${PODS_PODFILE_DIR_PATH}/Podfile.lock\" \"${PODS_ROOT}/Manifest.lock\" > /dev/null\nif [ $? != 0 ] ; then\n    # print error to STDERR\n    echo \"error: The sandbox is not in sync with the Podfile.lock. Run 'pod install' or update your CocoaPods installation.\" >&2\n    exit 1\nfi\n";
			showEnvVarsInLog = 0;
		};
		A433D8B06DC73AF242C744F3 /* [CP] Embed Pods Frameworks */ = {
			isa = PBXShellScriptBuildPhase;
			buildActionMask = 2147483647;
			files = (
			);
			inputPaths = (
			);
			name = "[CP] Embed Pods Frameworks";
			outputPaths = (
			);
			runOnlyForDeploymentPostprocessing = 0;
			shellPath = /bin/sh;
			shellScript = "\"${SRCROOT}/Pods/Target Support Files/Pods-ZJPhotoPickerController/Pods-ZJPhotoPickerController-frameworks.sh\"\n";
			showEnvVarsInLog = 0;
		};
		FD8C5C4F4AB54E07855150BC /* [CP] Copy Pods Resources */ = {
			isa = PBXShellScriptBuildPhase;
			buildActionMask = 2147483647;
			files = (
			);
			inputPaths = (
			);
			name = "[CP] Copy Pods Resources";
			outputPaths = (
			);
			runOnlyForDeploymentPostprocessing = 0;
			shellPath = /bin/sh;
			shellScript = "\"${SRCROOT}/Pods/Target Support Files/Pods-ZJPhotoPickerController/Pods-ZJPhotoPickerController-resources.sh\"\n";
			showEnvVarsInLog = 0;
		};
/* End PBXShellScriptBuildPhase section */

/* Begin PBXSourcesBuildPhase section */
		B23B97291F39B56E007745B8 /* Sources */ = {
			isa = PBXSourcesBuildPhase;
			buildActionMask = 2147483647;
			files = (
				B23B97331F39B56E007745B8 /* ViewController.swift in Sources */,
				B23B97471F39B582007745B8 /* ZJPhotoPickerController.swift in Sources */,
				B23B974E1F3C090F007745B8 /* UIImageExtension.swift in Sources */,
				B23B97481F39B582007745B8 /* ZJPhotoPickerHelper.swift in Sources */,
				B23B97491F39B582007745B8 /* ZJPhotoPickerThumbnailController.swift in Sources */,
				B23B97311F39B56E007745B8 /* AppDelegate.swift in Sources */,
				B23B974B1F39B5A7007745B8 /* ZJPhotoPickerHUD.swift in Sources */,
			);
			runOnlyForDeploymentPostprocessing = 0;
		};
/* End PBXSourcesBuildPhase section */

/* Begin PBXVariantGroup section */
		B23B97341F39B56E007745B8 /* Main.storyboard */ = {
			isa = PBXVariantGroup;
			children = (
				B23B97351F39B56E007745B8 /* Base */,
			);
			name = Main.storyboard;
			sourceTree = "<group>";
		};
		B23B97391F39B56E007745B8 /* LaunchScreen.storyboard */ = {
			isa = PBXVariantGroup;
			children = (
				B23B973A1F39B56E007745B8 /* Base */,
			);
			name = LaunchScreen.storyboard;
			sourceTree = "<group>";
		};
/* End PBXVariantGroup section */

/* Begin XCBuildConfiguration section */
		B23B973D1F39B56E007745B8 /* Debug */ = {
			isa = XCBuildConfiguration;
			buildSettings = {
				ALWAYS_SEARCH_USER_PATHS = NO;
				CLANG_ANALYZER_NONNULL = YES;
				CLANG_ANALYZER_NUMBER_OBJECT_CONVERSION = YES_AGGRESSIVE;
				CLANG_CXX_LANGUAGE_STANDARD = "gnu++0x";
				CLANG_CXX_LIBRARY = "libc++";
				CLANG_ENABLE_MODULES = YES;
				CLANG_ENABLE_OBJC_ARC = YES;
				CLANG_WARN_BOOL_CONVERSION = YES;
				CLANG_WARN_CONSTANT_CONVERSION = YES;
				CLANG_WARN_DIRECT_OBJC_ISA_USAGE = YES_ERROR;
				CLANG_WARN_DOCUMENTATION_COMMENTS = YES;
				CLANG_WARN_EMPTY_BODY = YES;
				CLANG_WARN_ENUM_CONVERSION = YES;
				CLANG_WARN_INFINITE_RECURSION = YES;
				CLANG_WARN_INT_CONVERSION = YES;
				CLANG_WARN_OBJC_ROOT_CLASS = YES_ERROR;
				CLANG_WARN_SUSPICIOUS_MOVE = YES;
				CLANG_WARN_UNREACHABLE_CODE = YES;
				CLANG_WARN__DUPLICATE_METHOD_MATCH = YES;
				"CODE_SIGN_IDENTITY[sdk=iphoneos*]" = "iPhone Developer";
				COPY_PHASE_STRIP = NO;
				DEBUG_INFORMATION_FORMAT = dwarf;
				ENABLE_STRICT_OBJC_MSGSEND = YES;
				ENABLE_TESTABILITY = YES;
				GCC_C_LANGUAGE_STANDARD = gnu99;
				GCC_DYNAMIC_NO_PIC = NO;
				GCC_NO_COMMON_BLOCKS = YES;
				GCC_OPTIMIZATION_LEVEL = 0;
				GCC_PREPROCESSOR_DEFINITIONS = (
					"DEBUG=1",
					"$(inherited)",
				);
				GCC_WARN_64_TO_32_BIT_CONVERSION = YES;
				GCC_WARN_ABOUT_RETURN_TYPE = YES_ERROR;
				GCC_WARN_UNDECLARED_SELECTOR = YES;
				GCC_WARN_UNINITIALIZED_AUTOS = YES_AGGRESSIVE;
				GCC_WARN_UNUSED_FUNCTION = YES;
				GCC_WARN_UNUSED_VARIABLE = YES;
				IPHONEOS_DEPLOYMENT_TARGET = 10.3;
				MTL_ENABLE_DEBUG_INFO = YES;
				ONLY_ACTIVE_ARCH = YES;
				SDKROOT = iphoneos;
				SWIFT_ACTIVE_COMPILATION_CONDITIONS = DEBUG;
				SWIFT_OPTIMIZATION_LEVEL = "-Onone";
			};
			name = Debug;
		};
		B23B973E1F39B56E007745B8 /* Release */ = {
			isa = XCBuildConfiguration;
			buildSettings = {
				ALWAYS_SEARCH_USER_PATHS = NO;
				CLANG_ANALYZER_NONNULL = YES;
				CLANG_ANALYZER_NUMBER_OBJECT_CONVERSION = YES_AGGRESSIVE;
				CLANG_CXX_LANGUAGE_STANDARD = "gnu++0x";
				CLANG_CXX_LIBRARY = "libc++";
				CLANG_ENABLE_MODULES = YES;
				CLANG_ENABLE_OBJC_ARC = YES;
				CLANG_WARN_BOOL_CONVERSION = YES;
				CLANG_WARN_CONSTANT_CONVERSION = YES;
				CLANG_WARN_DIRECT_OBJC_ISA_USAGE = YES_ERROR;
				CLANG_WARN_DOCUMENTATION_COMMENTS = YES;
				CLANG_WARN_EMPTY_BODY = YES;
				CLANG_WARN_ENUM_CONVERSION = YES;
				CLANG_WARN_INFINITE_RECURSION = YES;
				CLANG_WARN_INT_CONVERSION = YES;
				CLANG_WARN_OBJC_ROOT_CLASS = YES_ERROR;
				CLANG_WARN_SUSPICIOUS_MOVE = YES;
				CLANG_WARN_UNREACHABLE_CODE = YES;
				CLANG_WARN__DUPLICATE_METHOD_MATCH = YES;
				"CODE_SIGN_IDENTITY[sdk=iphoneos*]" = "iPhone Developer";
				COPY_PHASE_STRIP = NO;
				DEBUG_INFORMATION_FORMAT = "dwarf-with-dsym";
				ENABLE_NS_ASSERTIONS = NO;
				ENABLE_STRICT_OBJC_MSGSEND = YES;
				GCC_C_LANGUAGE_STANDARD = gnu99;
				GCC_NO_COMMON_BLOCKS = YES;
				GCC_WARN_64_TO_32_BIT_CONVERSION = YES;
				GCC_WARN_ABOUT_RETURN_TYPE = YES_ERROR;
				GCC_WARN_UNDECLARED_SELECTOR = YES;
				GCC_WARN_UNINITIALIZED_AUTOS = YES_AGGRESSIVE;
				GCC_WARN_UNUSED_FUNCTION = YES;
				GCC_WARN_UNUSED_VARIABLE = YES;
				IPHONEOS_DEPLOYMENT_TARGET = 10.3;
				MTL_ENABLE_DEBUG_INFO = NO;
				SDKROOT = iphoneos;
				SWIFT_OPTIMIZATION_LEVEL = "-Owholemodule";
				VALIDATE_PRODUCT = YES;
			};
			name = Release;
		};
		B23B97401F39B56E007745B8 /* Debug */ = {
			isa = XCBuildConfiguration;
			baseConfigurationReference = B65D5EDA791830452FA80061 /* Pods-ZJPhotoPickerController.debug.xcconfig */;
			buildSettings = {
				ASSETCATALOG_COMPILER_APPICON_NAME = AppIcon;
				DEVELOPMENT_TEAM = 7G9Q3YE88T;
				INFOPLIST_FILE = ZJPhotoPickerController/Info.plist;
				IPHONEOS_DEPLOYMENT_TARGET = 8.0;
				LD_RUNPATH_SEARCH_PATHS = "$(inherited) @executable_path/Frameworks";
				PRODUCT_BUNDLE_IDENTIFIER = com.rickluo.ZJPhotoPickerController;
				PRODUCT_NAME = "$(TARGET_NAME)";
				SWIFT_VERSION = 3.0;
			};
			name = Debug;
		};
		B23B97411F39B56E007745B8 /* Release */ = {
			isa = XCBuildConfiguration;
			baseConfigurationReference = B21111E1C662A214DD478570 /* Pods-ZJPhotoPickerController.release.xcconfig */;
			buildSettings = {
				ASSETCATALOG_COMPILER_APPICON_NAME = AppIcon;
				DEVELOPMENT_TEAM = 7G9Q3YE88T;
				INFOPLIST_FILE = ZJPhotoPickerController/Info.plist;
				IPHONEOS_DEPLOYMENT_TARGET = 8.0;
				LD_RUNPATH_SEARCH_PATHS = "$(inherited) @executable_path/Frameworks";
				PRODUCT_BUNDLE_IDENTIFIER = com.rickluo.ZJPhotoPickerController;
				PRODUCT_NAME = "$(TARGET_NAME)";
				SWIFT_VERSION = 3.0;
			};
			name = Release;
		};
/* End XCBuildConfiguration section */

/* Begin XCConfigurationList section */
		B23B97281F39B56E007745B8 /* Build configuration list for PBXProject "ZJPhotoPickerController" */ = {
			isa = XCConfigurationList;
			buildConfigurations = (
				B23B973D1F39B56E007745B8 /* Debug */,
				B23B973E1F39B56E007745B8 /* Release */,
			);
			defaultConfigurationIsVisible = 0;
			defaultConfigurationName = Release;
		};
		B23B973F1F39B56E007745B8 /* Build configuration list for PBXNativeTarget "ZJPhotoPickerController" */ = {
			isa = XCConfigurationList;
			buildConfigurations = (
				B23B97401F39B56E007745B8 /* Debug */,
				B23B97411F39B56E007745B8 /* Release */,
			);
			defaultConfigurationIsVisible = 0;
			defaultConfigurationName = Release;
		};
/* End XCConfigurationList section */
	};
	rootObject = B23B97251F39B56E007745B8 /* Project object */;
}
